// !$*UTF8*$!
{
	archiveVersion = 1;
	classes = {
	};
	objectVersion = 55;
	objects = {

/* Begin PBXBuildFile section */
		FB98576A280CFB6F00D7C73A /* DBManager.m in Sources */ = {isa = PBXBuildFile; fileRef = FB985769280CFB6F00D7C73A /* DBManager.m */; };
		FB98576D280D373800D7C73A /* CustomViewController.m in Sources */ = {isa = PBXBuildFile; fileRef = FB98576C280D373800D7C73A /* CustomViewController.m */; };
		FBE29414280BFCAC002C90FA /* AppDelegate.m in Sources */ = {isa = PBXBuildFile; fileRef = FBE29413280BFCAC002C90FA /* AppDelegate.m */; };
		FBE29417280BFCAC002C90FA /* SceneDelegate.m in Sources */ = {isa = PBXBuildFile; fileRef = FBE29416280BFCAC002C90FA /* SceneDelegate.m */; };
		FBE2941A280BFCAC002C90FA /* ViewController.m in Sources */ = {isa = PBXBuildFile; fileRef = FBE29419280BFCAC002C90FA /* ViewController.m */; };
		FBE2941D280BFCAC002C90FA /* Main.storyboard in Resources */ = {isa = PBXBuildFile; fileRef = FBE2941B280BFCAC002C90FA /* Main.storyboard */; };
		FBE2941F280BFCAC002C90FA /* Assets.xcassets in Resources */ = {isa = PBXBuildFile; fileRef = FBE2941E280BFCAC002C90FA /* Assets.xcassets */; };
		FBE29422280BFCAC002C90FA /* LaunchScreen.storyboard in Resources */ = {isa = PBXBuildFile; fileRef = FBE29420280BFCAC002C90FA /* LaunchScreen.storyboard */; };
		FBE29425280BFCAC002C90FA /* main.m in Sources */ = {isa = PBXBuildFile; fileRef = FBE29424280BFCAC002C90FA /* main.m */; };
		FBE2942C280CA6A2002C90FA /* README.md in Resources */ = {isa = PBXBuildFile; fileRef = FBE2942B280CA6A2002C90FA /* README.md */; };
		FBE2942E280CAED8002C90FA /* Utils.m in Sources */ = {isa = PBXBuildFile; fileRef = FBE2942D280CAED8002C90FA /* Utils.m */; };
		FBE29434280CD59C002C90FA /* GhostProtocol.m in Sources */ = {isa = PBXBuildFile; fileRef = FBE29433280CD59C002C90FA /* GhostProtocol.m */; };
/* End PBXBuildFile section */

/* Begin PBXFileReference section */
		FB985768280CFB6F00D7C73A /* DBManager.h */ = {isa = PBXFileReference; lastKnownFileType = sourcecode.c.h; path = DBManager.h; sourceTree = "<group>"; };
		FB985769280CFB6F00D7C73A /* DBManager.m */ = {isa = PBXFileReference; lastKnownFileType = sourcecode.c.objc; path = DBManager.m; sourceTree = "<group>"; };
		FB98576B280D373800D7C73A /* CustomViewController.h */ = {isa = PBXFileReference; lastKnownFileType = sourcecode.c.h; path = CustomViewController.h; sourceTree = "<group>"; };
		FB98576C280D373800D7C73A /* CustomViewController.m */ = {isa = PBXFileReference; lastKnownFileType = sourcecode.c.objc; path = CustomViewController.m; sourceTree = "<group>"; };
		FBE2940F280BFCAC002C90FA /* PhoneBook.app */ = {isa = PBXFileReference; explicitFileType = wrapper.application; includeInIndex = 0; path = PhoneBook.app; sourceTree = BUILT_PRODUCTS_DIR; };
		FBE29412280BFCAC002C90FA /* AppDelegate.h */ = {isa = PBXFileReference; lastKnownFileType = sourcecode.c.h; path = AppDelegate.h; sourceTree = "<group>"; };
		FBE29413280BFCAC002C90FA /* AppDelegate.m */ = {isa = PBXFileReference; lastKnownFileType = sourcecode.c.objc; path = AppDelegate.m; sourceTree = "<group>"; };
		FBE29415280BFCAC002C90FA /* SceneDelegate.h */ = {isa = PBXFileReference; lastKnownFileType = sourcecode.c.h; path = SceneDelegate.h; sourceTree = "<group>"; };
		FBE29416280BFCAC002C90FA /* SceneDelegate.m */ = {isa = PBXFileReference; lastKnownFileType = sourcecode.c.objc; path = SceneDelegate.m; sourceTree = "<group>"; };
		FBE29418280BFCAC002C90FA /* ViewController.h */ = {isa = PBXFileReference; lastKnownFileType = sourcecode.c.h; path = ViewController.h; sourceTree = "<group>"; };
		FBE29419280BFCAC002C90FA /* ViewController.m */ = {isa = PBXFileReference; lastKnownFileType = sourcecode.c.objc; path = ViewController.m; sourceTree = "<group>"; };
		FBE2941C280BFCAC002C90FA /* Base */ = {isa = PBXFileReference; lastKnownFileType = file.storyboard; name = Base; path = Base.lproj/Main.storyboard; sourceTree = "<group>"; };
		FBE2941E280BFCAC002C90FA /* Assets.xcassets */ = {isa = PBXFileReference; lastKnownFileType = folder.assetcatalog; path = Assets.xcassets; sourceTree = "<group>"; };
		FBE29421280BFCAC002C90FA /* Base */ = {isa = PBXFileReference; lastKnownFileType = file.storyboard; name = Base; path = Base.lproj/LaunchScreen.storyboard; sourceTree = "<group>"; };
		FBE29423280BFCAC002C90FA /* Info.plist */ = {isa = PBXFileReference; lastKnownFileType = text.plist.xml; path = Info.plist; sourceTree = "<group>"; };
		FBE29424280BFCAC002C90FA /* main.m */ = {isa = PBXFileReference; lastKnownFileType = sourcecode.c.objc; path = main.m; sourceTree = "<group>"; };
		FBE2942B280CA6A2002C90FA /* README.md */ = {isa = PBXFileReference; lastKnownFileType = net.daringfireball.markdown; path = README.md; sourceTree = "<group>"; };
		FBE2942D280CAED8002C90FA /* Utils.m */ = {isa = PBXFileReference; lastKnownFileType = sourcecode.c.objc; path = Utils.m; sourceTree = "<group>"; };
		FBE2942F280CAEFB002C90FA /* Utils.h */ = {isa = PBXFileReference; lastKnownFileType = sourcecode.c.h; path = Utils.h; sourceTree = "<group>"; };
		FBE29432280CD41B002C90FA /* GhostProtocol.h */ = {isa = PBXFileReference; lastKnownFileType = sourcecode.c.h; path = GhostProtocol.h; sourceTree = "<group>"; };
		FBE29433280CD59C002C90FA /* GhostProtocol.m */ = {isa = PBXFileReference; lastKnownFileType = sourcecode.c.objc; path = GhostProtocol.m; sourceTree = "<group>"; };
/* End PBXFileReference section */

/* Begin PBXFrameworksBuildPhase section */
		FBE2940C280BFCAC002C90FA /* Frameworks */ = {
			isa = PBXFrameworksBuildPhase;
			buildActionMask = 2147483647;
			files = (
			);
			runOnlyForDeploymentPostprocessing = 0;
		};
/* End PBXFrameworksBuildPhase section */

/* Begin PBXGroup section */
		FB985764280CFA6600D7C73A /* SQLite */ = {
			isa = PBXGroup;
			children = (
				FB985768280CFB6F00D7C73A /* DBManager.h */,
				FB985769280CFB6F00D7C73A /* DBManager.m */,
			);
			path = SQLite;
			sourceTree = "<group>";
		};
		FBE29406280BFCAC002C90FA = {
			isa = PBXGroup;
			children = (
				FBE29411280BFCAC002C90FA /* PhoneBook */,
				FBE29410280BFCAC002C90FA /* Products */,
			);
			sourceTree = "<group>";
		};
		FBE29410280BFCAC002C90FA /* Products */ = {
			isa = PBXGroup;
			children = (
				FBE2940F280BFCAC002C90FA /* PhoneBook.app */,
			);
			name = Products;
			sourceTree = "<group>";
		};
		FBE29411280BFCAC002C90FA /* PhoneBook */ = {
			isa = PBXGroup;
			children = (
				FBE29424280BFCAC002C90FA /* main.m */,
				FBE2942B280CA6A2002C90FA /* README.md */,
				FBE29423280BFCAC002C90FA /* Info.plist */,
				FBE2941E280BFCAC002C90FA /* Assets.xcassets */,
				FBE29420280BFCAC002C90FA /* LaunchScreen.storyboard */,
				FBE2941B280BFCAC002C90FA /* Main.storyboard */,
				FBE29430280CC7DA002C90FA /* App */,
				FBE29431280CC7F2002C90FA /* Utils */,
				FB985764280CFA6600D7C73A /* SQLite */,
			);
			path = PhoneBook;
			sourceTree = "<group>";
		};
		FBE29430280CC7DA002C90FA /* App */ = {
			isa = PBXGroup;
			children = (
				FBE29412280BFCAC002C90FA /* AppDelegate.h */,
				FBE29413280BFCAC002C90FA /* AppDelegate.m */,
				FBE29415280BFCAC002C90FA /* SceneDelegate.h */,
				FBE29416280BFCAC002C90FA /* SceneDelegate.m */,
				FBE29418280BFCAC002C90FA /* ViewController.h */,
				FBE29419280BFCAC002C90FA /* ViewController.m */,
				FB98576B280D373800D7C73A /* CustomViewController.h */,
				FB98576C280D373800D7C73A /* CustomViewController.m */,
			);
			path = App;
			sourceTree = "<group>";
		};
		FBE29431280CC7F2002C90FA /* Utils */ = {
			isa = PBXGroup;
			children = (
				FBE29432280CD41B002C90FA /* GhostProtocol.h */,
				FBE29433280CD59C002C90FA /* GhostProtocol.m */,
				FBE2942D280CAED8002C90FA /* Utils.m */,
				FBE2942F280CAEFB002C90FA /* Utils.h */,
			);
			path = Utils;
			sourceTree = "<group>";
		};
/* End PBXGroup section */

/* Begin PBXNativeTarget section */
		FBE2940E280BFCAC002C90FA /* PhoneBook */ = {
			isa = PBXNativeTarget;
			buildConfigurationList = FBE29428280BFCAC002C90FA /* Build configuration list for PBXNativeTarget "PhoneBook" */;
			buildPhases = (
				FBE2940B280BFCAC002C90FA /* Sources */,
				FBE2940C280BFCAC002C90FA /* Frameworks */,
				FBE2940D280BFCAC002C90FA /* Resources */,
			);
			buildRules = (
			);
			dependencies = (
			);
			name = PhoneBook;
			productName = PhoneBook;
			productReference = FBE2940F280BFCAC002C90FA /* PhoneBook.app */;
			productType = "com.apple.product-type.application";
		};
/* End PBXNativeTarget section */

/* Begin PBXProject section */
		FBE29407280BFCAC002C90FA /* Project object */ = {
			isa = PBXProject;
			attributes = {
				BuildIndependentTargetsInParallel = 1;
				LastUpgradeCheck = 1330;
				TargetAttributes = {
					FBE2940E280BFCAC002C90FA = {
						CreatedOnToolsVersion = 13.3.1;
					};
				};
			};
			buildConfigurationList = FBE2940A280BFCAC002C90FA /* Build configuration list for PBXProject "PhoneBook" */;
			compatibilityVersion = "Xcode 13.0";
			developmentRegion = en;
			hasScannedForEncodings = 0;
			knownRegions = (
				en,
				Base,
			);
			mainGroup = FBE29406280BFCAC002C90FA;
			productRefGroup = FBE29410280BFCAC002C90FA /* Products */;
			projectDirPath = "";
			projectRoot = "";
			targets = (
				FBE2940E280BFCAC002C90FA /* PhoneBook */,
			);
		};
/* End PBXProject section */

/* Begin PBXResourcesBuildPhase section */
		FBE2940D280BFCAC002C90FA /* Resources */ = {
			isa = PBXResourcesBuildPhase;
			buildActionMask = 2147483647;
			files = (
				FBE29422280BFCAC002C90FA /* LaunchScreen.storyboard in Resources */,
				FBE2941F280BFCAC002C90FA /* Assets.xcassets in Resources */,
				FBE2942C280CA6A2002C90FA /* README.md in Resources */,
				FBE2941D280BFCAC002C90FA /* Main.storyboard in Resources */,
			);
			runOnlyForDeploymentPostprocessing = 0;
		};
/* End PBXResourcesBuildPhase section */

/* Begin PBXSourcesBuildPhase section */
		FBE2940B280BFCAC002C90FA /* Sources */ = {
			isa = PBXSourcesBuildPhase;
			buildActionMask = 2147483647;
			files = (
				FBE2941A280BFCAC002C90FA /* ViewController.m in Sources */,
				FBE29434280CD59C002C90FA /* GhostProtocol.m in Sources */,
				FBE29414280BFCAC002C90FA /* AppDelegate.m in Sources */,
				FB98576D280D373800D7C73A /* CustomViewController.m in Sources */,
				FBE29425280BFCAC002C90FA /* main.m in Sources */,
				FBE2942E280CAED8002C90FA /* Utils.m in Sources */,
				FBE29417280BFCAC002C90FA /* SceneDelegate.m in Sources */,
				FB98576A280CFB6F00D7C73A /* DBManager.m in Sources */,
			);
			runOnlyForDeploymentPostprocessing = 0;
		};
/* End PBXSourcesBuildPhase section */

/* Begin PBXVariantGroup section */
		FBE2941B280BFCAC002C90FA /* Main.storyboard */ = {
			isa = PBXVariantGroup;
			children = (
				FBE2941C280BFCAC002C90FA /* Base */,
			);
			name = Main.storyboard;
			sourceTree = "<group>";
		};
		FBE29420280BFCAC002C90FA /* LaunchScreen.storyboard */ = {
			isa = PBXVariantGroup;
			children = (
				FBE29421280BFCAC002C90FA /* Base */,
			);
			name = LaunchScreen.storyboard;
			sourceTree = "<group>";
		};
/* End PBXVariantGroup section */

/* Begin XCBuildConfiguration section */
		FBE29426280BFCAC002C90FA /* Debug */ = {
			isa = XCBuildConfiguration;
			buildSettings = {
				ALWAYS_SEARCH_USER_PATHS = NO;
				CLANG_ANALYZER_NONNULL = YES;
				CLANG_ANALYZER_NUMBER_OBJECT_CONVERSION = YES_AGGRESSIVE;
				CLANG_CXX_LANGUAGE_STANDARD = "gnu++17";
				CLANG_ENABLE_MODULES = YES;
				CLANG_ENABLE_OBJC_ARC = YES;
				CLANG_ENABLE_OBJC_WEAK = YES;
				CLANG_WARN_BLOCK_CAPTURE_AUTORELEASING = YES;
				CLANG_WARN_BOOL_CONVERSION = YES;
				CLANG_WARN_COMMA = YES;
				CLANG_WARN_CONSTANT_CONVERSION = YES;
				CLANG_WARN_DEPRECATED_OBJC_IMPLEMENTATIONS = YES;
				CLANG_WARN_DIRECT_OBJC_ISA_USAGE = YES_ERROR;
				CLANG_WARN_DOCUMENTATION_COMMENTS = YES;
				CLANG_WARN_EMPTY_BODY = YES;
				CLANG_WARN_ENUM_CONVERSION = YES;
				CLANG_WARN_INFINITE_RECURSION = YES;
				CLANG_WARN_INT_CONVERSION = YES;
				CLANG_WARN_NON_LITERAL_NULL_CONVERSION = YES;
				CLANG_WARN_OBJC_IMPLICIT_RETAIN_SELF = YES;
				CLANG_WARN_OBJC_LITERAL_CONVERSION = YES;
				CLANG_WARN_OBJC_ROOT_CLASS = YES_ERROR;
				CLANG_WARN_QUOTED_INCLUDE_IN_FRAMEWORK_HEADER = YES;
				CLANG_WARN_RANGE_LOOP_ANALYSIS = YES;
				CLANG_WARN_STRICT_PROTOTYPES = YES;
				CLANG_WARN_SUSPICIOUS_MOVE = YES;
				CLANG_WARN_UNGUARDED_AVAILABILITY = YES_AGGRESSIVE;
				CLANG_WARN_UNREACHABLE_CODE = YES;
				CLANG_WARN__DUPLICATE_METHOD_MATCH = YES;
				COPY_PHASE_STRIP = NO;
				DEBUG_INFORMATION_FORMAT = dwarf;
				ENABLE_STRICT_OBJC_MSGSEND = YES;
				ENABLE_TESTABILITY = YES;
				GCC_C_LANGUAGE_STANDARD = gnu11;
				GCC_DYNAMIC_NO_PIC = NO;
				GCC_NO_COMMON_BLOCKS = YES;
				GCC_OPTIMIZATION_LEVEL = 0;
				GCC_PREPROCESSOR_DEFINITIONS = (
					"DEBUG=1",
					"$(inherited)",
				);
				GCC_WARN_64_TO_32_BIT_CONVERSION = YES;
				GCC_WARN_ABOUT_RETURN_TYPE = YES_ERROR;
				GCC_WARN_UNDECLARED_SELECTOR = YES;
				GCC_WARN_UNINITIALIZED_AUTOS = YES_AGGRESSIVE;
				GCC_WARN_UNUSED_FUNCTION = YES;
				GCC_WARN_UNUSED_VARIABLE = YES;
				IPHONEOS_DEPLOYMENT_TARGET = 15.4;
				MTL_ENABLE_DEBUG_INFO = INCLUDE_SOURCE;
				MTL_FAST_MATH = YES;
				ONLY_ACTIVE_ARCH = YES;
				SDKROOT = iphoneos;
			};
			name = Debug;
		};
		FBE29427280BFCAC002C90FA /* Release */ = {
			isa = XCBuildConfiguration;
			buildSettings = {
				ALWAYS_SEARCH_USER_PATHS = NO;
				CLANG_ANALYZER_NONNULL = YES;
				CLANG_ANALYZER_NUMBER_OBJECT_CONVERSION = YES_AGGRESSIVE;
				CLANG_CXX_LANGUAGE_STANDARD = "gnu++17";
				CLANG_ENABLE_MODULES = YES;
				CLANG_ENABLE_OBJC_ARC = YES;
				CLANG_ENABLE_OBJC_WEAK = YES;
				CLANG_WARN_BLOCK_CAPTURE_AUTORELEASING = YES;
				CLANG_WARN_BOOL_CONVERSION = YES;
				CLANG_WARN_COMMA = YES;
				CLANG_WARN_CONSTANT_CONVERSION = YES;
				CLANG_WARN_DEPRECATED_OBJC_IMPLEMENTATIONS = YES;
				CLANG_WARN_DIRECT_OBJC_ISA_USAGE = YES_ERROR;
				CLANG_WARN_DOCUMENTATION_COMMENTS = YES;
				CLANG_WARN_EMPTY_BODY = YES;
				CLANG_WARN_ENUM_CONVERSION = YES;
				CLANG_WARN_INFINITE_RECURSION = YES;
				CLANG_WARN_INT_CONVERSION = YES;
				CLANG_WARN_NON_LITERAL_NULL_CONVERSION = YES;
				CLANG_WARN_OBJC_IMPLICIT_RETAIN_SELF = YES;
				CLANG_WARN_OBJC_LITERAL_CONVERSION = YES;
				CLANG_WARN_OBJC_ROOT_CLASS = YES_ERROR;
				CLANG_WARN_QUOTED_INCLUDE_IN_FRAMEWORK_HEADER = YES;
				CLANG_WARN_RANGE_LOOP_ANALYSIS = YES;
				CLANG_WARN_STRICT_PROTOTYPES = YES;
				CLANG_WARN_SUSPICIOUS_MOVE = YES;
				CLANG_WARN_UNGUARDED_AVAILABILITY = YES_AGGRESSIVE;
				CLANG_WARN_UNREACHABLE_CODE = YES;
				CLANG_WARN__DUPLICATE_METHOD_MATCH = YES;
				COPY_PHASE_STRIP = NO;
				DEBUG_INFORMATION_FORMAT = "dwarf-with-dsym";
				ENABLE_NS_ASSERTIONS = NO;
				ENABLE_STRICT_OBJC_MSGSEND = YES;
				GCC_C_LANGUAGE_STANDARD = gnu11;
				GCC_NO_COMMON_BLOCKS = YES;
				GCC_WARN_64_TO_32_BIT_CONVERSION = YES;
				GCC_WARN_ABOUT_RETURN_TYPE = YES_ERROR;
				GCC_WARN_UNDECLARED_SELECTOR = YES;
				GCC_WARN_UNINITIALIZED_AUTOS = YES_AGGRESSIVE;
				GCC_WARN_UNUSED_FUNCTION = YES;
				GCC_WARN_UNUSED_VARIABLE = YES;
				IPHONEOS_DEPLOYMENT_TARGET = 15.4;
				MTL_ENABLE_DEBUG_INFO = NO;
				MTL_FAST_MATH = YES;
				SDKROOT = iphoneos;
				VALIDATE_PRODUCT = YES;
			};
			name = Release;
		};
		FBE29429280BFCAC002C90FA /* Debug */ = {
			isa = XCBuildConfiguration;
			buildSettings = {
				ASSETCATALOG_COMPILER_APPICON_NAME = AppIcon;
				ASSETCATALOG_COMPILER_GLOBAL_ACCENT_COLOR_NAME = AccentColor;
				CODE_SIGN_STYLE = Automatic;
				CURRENT_PROJECT_VERSION = 1;
				DEVELOPMENT_TEAM = 5H53W9SDBA;
				GENERATE_INFOPLIST_FILE = YES;
				INFOPLIST_FILE = PhoneBook/Info.plist;
				INFOPLIST_KEY_UIApplicationSupportsIndirectInputEvents = YES;
				INFOPLIST_KEY_UILaunchStoryboardName = LaunchScreen;
				INFOPLIST_KEY_UIMainStoryboardFile = Main;
				INFOPLIST_KEY_UISupportedInterfaceOrientations_iPad = "UIInterfaceOrientationPortrait UIInterfaceOrientationPortraitUpsideDown UIInterfaceOrientationLandscapeLeft UIInterfaceOrientationLandscapeRight";
				INFOPLIST_KEY_UISupportedInterfaceOrientations_iPhone = "UIInterfaceOrientationPortrait UIInterfaceOrientationLandscapeLeft UIInterfaceOrientationLandscapeRight";
				LD_RUNPATH_SEARCH_PATHS = (
					"$(inherited)",
					"@executable_path/Frameworks",
				);
				MARKETING_VERSION = 1.0;
				PRODUCT_BUNDLE_IDENTIFIER = me.mitul.PhoneBook;
				PRODUCT_NAME = "$(TARGET_NAME)";
				SWIFT_EMIT_LOC_STRINGS = YES;
				TARGETED_DEVICE_FAMILY = 1;
			};
			name = Debug;
		};
		FBE2942A280BFCAC002C90FA /* Release */ = {
			isa = XCBuildConfiguration;
			buildSettings = {
				ASSETCATALOG_COMPILER_APPICON_NAME = AppIcon;
				ASSETCATALOG_COMPILER_GLOBAL_ACCENT_COLOR_NAME = AccentColor;
				CODE_SIGN_STYLE = Automatic;
				CURRENT_PROJECT_VERSION = 1;
				DEVELOPMENT_TEAM = 5H53W9SDBA;
				GENERATE_INFOPLIST_FILE = YES;
				INFOPLIST_FILE = PhoneBook/Info.plist;
				INFOPLIST_KEY_UIApplicationSupportsIndirectInputEvents = YES;
				INFOPLIST_KEY_UILaunchStoryboardName = LaunchScreen;
				INFOPLIST_KEY_UIMainStoryboardFile = Main;
				INFOPLIST_KEY_UISupportedInterfaceOrientations_iPad = "UIInterfaceOrientationPortrait UIInterfaceOrientationPortraitUpsideDown UIInterfaceOrientationLandscapeLeft UIInterfaceOrientationLandscapeRight";
				INFOPLIST_KEY_UISupportedInterfaceOrientations_iPhone = "UIInterfaceOrientationPortrait UIInterfaceOrientationLandscapeLeft UIInterfaceOrientationLandscapeRight";
				LD_RUNPATH_SEARCH_PATHS = (
					"$(inherited)",
					"@executable_path/Frameworks",
				);
				MARKETING_VERSION = 1.0;
				PRODUCT_BUNDLE_IDENTIFIER = me.mitul.PhoneBook;
				PRODUCT_NAME = "$(TARGET_NAME)";
				SWIFT_EMIT_LOC_STRINGS = YES;
				TARGETED_DEVICE_FAMILY = 1;
			};
			name = Release;
		};
/* End XCBuildConfiguration section */

/* Begin XCConfigurationList section */
		FBE2940A280BFCAC002C90FA /* Build configuration list for PBXProject "PhoneBook" */ = {
			isa = XCConfigurationList;
			buildConfigurations = (
				FBE29426280BFCAC002C90FA /* Debug */,
				FBE29427280BFCAC002C90FA /* Release */,
			);
			defaultConfigurationIsVisible = 0;
			defaultConfigurationName = Release;
		};
		FBE29428280BFCAC002C90FA /* Build configuration list for PBXNativeTarget "PhoneBook" */ = {
			isa = XCConfigurationList;
			buildConfigurations = (
				FBE29429280BFCAC002C90FA /* Debug */,
				FBE2942A280BFCAC002C90FA /* Release */,
			);
			defaultConfigurationIsVisible = 0;
			defaultConfigurationName = Release;
		};
/* End XCConfigurationList section */
	};
	rootObject = FBE29407280BFCAC002C90FA /* Project object */;
}
